
Microsoft Visual Studio Solution File, Format Version 12.00
# Visual Studio Version 17
VisualStudioVersion = 17.7.34018.315
MinimumVisualStudioVersion = 10.0.40219.1
Project("{9A19103F-16F7-4668-BE54-9A1E7A4F7556}") = "Solitario", "Solitario\Solitario.csproj", "{74437BF3-F06D-48BA-8143-9976A78374E0}"
EndProject
Project("{9A19103F-16F7-4668-BE54-9A1E7A4F7556}") = "Solitario.Desktop", "Solitario.Desktop\Solitario.Desktop.csproj", "{5F5E478B-2B87-4F73-8F11-7BA279EC0D44}"
EndProject
Global
	GlobalSection(SolutionConfigurationPlatforms) = preSolution
		Debug|Any CPU = Debug|Any CPU
		Release|Any CPU = Release|Any CPU
	EndGlobalSection
	GlobalSection(ProjectConfigurationPlatforms) = postSolution
		{74437BF3-F06D-48BA-8143-9976A78374E0}.Debug|Any CPU.ActiveCfg = Debug|Any CPU
		{74437BF3-F06D-48BA-8143-9976A78374E0}.Debug|Any CPU.Build.0 = Debug|Any CPU
		{74437BF3-F06D-48BA-8143-9976A78374E0}.Release|Any CPU.ActiveCfg = Release|Any CPU
		{74437BF3-F06D-48BA-8143-9976A78374E0}.Release|Any CPU.Build.0 = Release|Any CPU
		{5F5E478B-2B87-4F73-8F11-7BA279EC0D44}.Debug|Any CPU.ActiveCfg = Debug|Any CPU
		{5F5E478B-2B87-4F73-8F11-7BA279EC0D44}.Debug|Any CPU.Build.0 = Debug|Any CPU
		{5F5E478B-2B87-4F73-8F11-7BA279EC0D44}.Release|Any CPU.ActiveCfg = Release|Any CPU
		{5F5E478B-2B87-4F73-8F11-7BA279EC0D44}.Release|Any CPU.Build.0 = Release|Any CPU
	EndGlobalSection
	GlobalSection(SolutionProperties) = preSolution
		HideSolutionNode = FALSE
	EndGlobalSection
	GlobalSection(ExtensibilityGlobals) = postSolution
		SolutionGuid = {C741BCC0-2DB8-4AF3-ACEE-E843CA843987}
	EndGlobalSection
EndGlobal
